
Microsoft Visual Studio Solution File, Format Version 9.00
# Visual Studio 2005
Project("{8BC9CEB8-8B4A-11D0-8D11-00A0C91BC942}") = "HttpServer", "HttpServer.vcproj", "{0C82733F-1E41-438B-8C43-F3A9D2290021}"
EndProject
Project("{8BC9CEB8-8B4A-11D0-8D11-00A0C91BC942}") = "MVCServer", "MVCServer.vcproj", "{B8623A1C-C3A7-4127-8AEB-53D5C32CBC14}"
EndProject
Global
	GlobalSection(SolutionConfigurationPlatforms) = preSolution
		Debug|Win32 = Debug|Win32
		Release|Win32 = Release|Win32
	EndGlobalSection
	GlobalSection(ProjectConfigurationPlatforms) = postSolution
		{0C82733F-1E41-438B-8C43-F3A9D2290021}.Debug|Win32.ActiveCfg = Debug|Win32
		{0C82733F-1E41-438B-8C43-F3A9D2290021}.Debug|Win32.Build.0 = Debug|Win32
		{0C82733F-1E41-438B-8C43-F3A9D2290021}.Release|Win32.ActiveCfg = Release|Win32
		{0C82733F-1E41-438B-8C43-F3A9D2290021}.Release|Win32.Build.0 = Release|Win32
		{B8623A1C-C3A7-4127-8AEB-53D5C32CBC14}.Debug|Win32.ActiveCfg = Debug|Win32
		{B8623A1C-C3A7-4127-8AEB-53D5C32CBC14}.Debug|Win32.Build.0 = Debug|Win32
		{B8623A1C-C3A7-4127-8AEB-53D5C32CBC14}.Release|Win32.ActiveCfg = Release|Win32
		{B8623A1C-C3A7-4127-8AEB-53D5C32CBC14}.Release|Win32.Build.0 = Release|Win32
	EndGlobalSection
	GlobalSection(SolutionProperties) = preSolution
		HideSolutionNode = FALSE
	EndGlobalSection
EndGlobal
